
Microsoft Visual Studio Solution File, Format Version 12.00
# Visual Studio 15
Project("{FAE04EC0-301F-11D3-BF4B-00C04F79EFBC}") = "Main", "Main.csproj", "{C54BE840-5547-F60D-E472-D842EEC298E8}"
EndProject
Project("{FAE04EC0-301F-11D3-BF4B-00C04F79EFBC}") = "Assembly-CSharp", "Assembly-CSharp.csproj", "{27BB7B3E-D936-9DEF-A869-A33800DB6A30}"
EndProject
Project("{FAE04EC0-301F-11D3-BF4B-00C04F79EFBC}") = "HotFix", "HotFix.csproj", "{3BA701B7-0859-CB4D-6D81-90E5A163D22B}"
EndProject
Project("{FAE04EC0-301F-11D3-BF4B-00C04F79EFBC}") = "Assembly-CSharp-Editor", "Assembly-CSharp-Editor.csproj", "{62878CBE-9E57-E4B4-3342-805F45FFCB5E}"
EndProject
Global
	GlobalSection(SolutionConfigurationPlatforms) = preSolution
		Debug|Any CPU = Debug|Any CPU
		Release|Any CPU = Release|Any CPU
	EndGlobalSection
	GlobalSection(ProjectConfigurationPlatforms) = postSolution
		{C54BE840-5547-F60D-E472-D842EEC298E8}.Debug|Any CPU.ActiveCfg = Debug|Any CPU
		{C54BE840-5547-F60D-E472-D842EEC298E8}.Debug|Any CPU.Build.0 = Debug|Any CPU
		{C54BE840-5547-F60D-E472-D842EEC298E8}.Release|Any CPU.ActiveCfg = Release|Any CPU
		{C54BE840-5547-F60D-E472-D842EEC298E8}.Release|Any CPU.Build.0 = Release|Any CPU
		{27BB7B3E-D936-9DEF-A869-A33800DB6A30}.Debug|Any CPU.ActiveCfg = Debug|Any CPU
		{27BB7B3E-D936-9DEF-A869-A33800DB6A30}.Debug|Any CPU.Build.0 = Debug|Any CPU
		{27BB7B3E-D936-9DEF-A869-A33800DB6A30}.Release|Any CPU.ActiveCfg = Release|Any CPU
		{27BB7B3E-D936-9DEF-A869-A33800DB6A30}.Release|Any CPU.Build.0 = Release|Any CPU
		{3BA701B7-0859-CB4D-6D81-90E5A163D22B}.Debug|Any CPU.ActiveCfg = Debug|Any CPU
		{3BA701B7-0859-CB4D-6D81-90E5A163D22B}.Debug|Any CPU.Build.0 = Debug|Any CPU
		{3BA701B7-0859-CB4D-6D81-90E5A163D22B}.Release|Any CPU.ActiveCfg = Release|Any CPU
		{3BA701B7-0859-CB4D-6D81-90E5A163D22B}.Release|Any CPU.Build.0 = Release|Any CPU
		{62878CBE-9E57-E4B4-3342-805F45FFCB5E}.Debug|Any CPU.ActiveCfg = Debug|Any CPU
		{62878CBE-9E57-E4B4-3342-805F45FFCB5E}.Debug|Any CPU.Build.0 = Debug|Any CPU
		{62878CBE-9E57-E4B4-3342-805F45FFCB5E}.Release|Any CPU.ActiveCfg = Release|Any CPU
		{62878CBE-9E57-E4B4-3342-805F45FFCB5E}.Release|Any CPU.Build.0 = Release|Any CPU
	EndGlobalSection
	GlobalSection(SolutionProperties) = preSolution
		HideSolutionNode = FALSE
	EndGlobalSection
EndGlobal
